
Microsoft Visual Studio Solution File, Format Version 12.00
# Visual Studio Version 17
VisualStudioVersion = 17.4.33103.184
MinimumVisualStudioVersion = 10.0.40219.1
Project("{9A19103F-16F7-4668-BE54-9A1E7A4F7556}") = "7.5-SchetsEditorC", "7.5-SchetsEditorC.csproj", "{0F9AB032-4F6C-4012-B28F-D6B3447D9692}"
EndProject
Global
	GlobalSection(SolutionConfigurationPlatforms) = preSolution
		Debug|Any CPU = Debug|Any CPU
		Release|Any CPU = Release|Any CPU
	EndGlobalSection
	GlobalSection(ProjectConfigurationPlatforms) = postSolution
		{0F9AB032-4F6C-4012-B28F-D6B3447D9692}.Debug|Any CPU.ActiveCfg = Debug|Any CPU
		{0F9AB032-4F6C-4012-B28F-D6B3447D9692}.Debug|Any CPU.Build.0 = Debug|Any CPU
		{0F9AB032-4F6C-4012-B28F-D6B3447D9692}.Release|Any CPU.ActiveCfg = Release|Any CPU
		{0F9AB032-4F6C-4012-B28F-D6B3447D9692}.Release|Any CPU.Build.0 = Release|Any CPU
	EndGlobalSection
	GlobalSection(SolutionProperties) = preSolution
		HideSolutionNode = FALSE
	EndGlobalSection
	GlobalSection(ExtensibilityGlobals) = postSolution
		SolutionGuid = {88C280A1-5E3A-4AFF-8348-4009266DB6F4}
	EndGlobalSection
EndGlobal
